{
  "name": "@vcd/clr-seed-0.10.15",
  "version": "1.0.0",
  "lockfileVersion": 1,
  "requires": true,
  "dependencies": {
    "clarity-angular": {
      "version": "0.10.15",
      "resolved": "https://build-artifactory.eng.vmware.com/api/npm/npm/clarity-angular/-/clarity-angular-0.10.15.tgz",
      "integrity": "sha1-PE9ApPcMQItxrvDtw1iSYiBEOTM="
    }
  }
}
