{
  "name": "@vcd/clr-seed-0.13.11",
  "version": "1.0.0",
  "lockfileVersion": 1,
  "requires": true,
  "dependencies": {
    "@clr/angular": {
      "version": "0.13.11",
      "resolved": "https://build-artifactory.eng.vmware.com/api/npm/npm/@clr/angular/-/angular-0.13.11.tgz",
      "integrity": "sha1-JYfiVZ4ALk1yqBXlCBoIdQmy3Ww=",
      "requires": {
        "tslib": "^1.9.0"
      }
    },
    "tslib": {
      "version": "1.13.0",
      "resolved": "https://build-artifactory.eng.vmware.com/api/npm/npm/tslib/-/tslib-1.13.0.tgz",
      "integrity": "sha1-yIHhPMcBWJTtkUhi0nZDb6mkcEM="
    }
  }
}
